
Microsoft Visual Studio Solution File, Format Version 12.00
# Visual Studio Version 16
VisualStudioVersion = 16.0.30907.101
MinimumVisualStudioVersion = 10.0.40219.1
Project("{2150E333-8FDC-42A3-9474-1A3956D46DE8}") = "Core", "Core", "{FA350BD6-C29D-40D9-BA47-FE5FBDFC84A0}"
EndProject
Project("{2150E333-8FDC-42A3-9474-1A3956D46DE8}") = "Web", "Web", "{38ECA068-176F-463C-A1D7-044341D4CACB}"
EndProject
Project("{2150E333-8FDC-42A3-9474-1A3956D46DE8}") = "Business", "Business", "{6EAC4D2C-4A86-4C9F-8427-CB374F69F08C}"
EndProject
Project("{2150E333-8FDC-42A3-9474-1A3956D46DE8}") = "Tests", "Tests", "{6360202A-F931-4BBD-ADBD-C9A628EE59F8}"
EndProject
Project("{9A19103F-16F7-4668-BE54-9A1E7A4F7556}") = "Grand.Web", "src\Web\Grand.Web\Grand.Web.csproj", "{EF93C76C-24D8-4BBE-BA2E-9A078D9B7499}"
EndProject
Project("{9A19103F-16F7-4668-BE54-9A1E7A4F7556}") = "Grand.Domain", "src\Core\Grand.Domain\Grand.Domain.csproj", "{EA3E9159-AA18-47AB-A3FF-8631935AB250}"
EndProject
Project("{9A19103F-16F7-4668-BE54-9A1E7A4F7556}") = "Grand.SharedKernel", "src\Core\Grand.SharedKernel\Grand.SharedKernel.csproj", "{19AED41D-C37E-4F25-9A86-4370BD8343C9}"
EndProject
Project("{9A19103F-16F7-4668-BE54-9A1E7A4F7556}") = "Grand.Business.Common", "src\Business\Grand.Business.Common\Grand.Business.Common.csproj", "{7A3C9529-7B06-4F7D-B2A0-2D2A09FE02B9}"
EndProject
Project("{9A19103F-16F7-4668-BE54-9A1E7A4F7556}") = "Grand.Business.Customers", "src\Business\Grand.Business.Customers\Grand.Business.Customers.csproj", "{426A432B-EEFE-46A0-9DE2-4CD508A29160}"
EndProject
Project("{9A19103F-16F7-4668-BE54-9A1E7A4F7556}") = "Grand.Business.Checkout", "src\Business\Grand.Business.Checkout\Grand.Business.Checkout.csproj", "{0832FC0C-22FC-4660-9E8A-7E259CBC246D}"
EndProject
Project("{9A19103F-16F7-4668-BE54-9A1E7A4F7556}") = "Grand.Business.Marketing", "src\Business\Grand.Business.Marketing\Grand.Business.Marketing.csproj", "{04C6B111-F45F-434D-8A7D-D6DD51029966}"
EndProject
Project("{9A19103F-16F7-4668-BE54-9A1E7A4F7556}") = "Grand.Business.Cms", "src\Business\Grand.Business.Cms\Grand.Business.Cms.csproj", "{35427306-7271-456A-A337-F7D7E79FB027}"
EndProject
Project("{9A19103F-16F7-4668-BE54-9A1E7A4F7556}") = "Grand.Business.Storage", "src\Business\Grand.Business.Storage\Grand.Business.Storage.csproj", "{B93A72CF-18A9-40E1-8902-63EEA6094905}"
EndProject
Project("{9A19103F-16F7-4668-BE54-9A1E7A4F7556}") = "Grand.Business.Catalog", "src\Business\Grand.Business.Catalog\Grand.Business.Catalog.csproj", "{6925EF20-C289-482E-855E-DAFCE62BE16A}"
EndProject
Project("{9A19103F-16F7-4668-BE54-9A1E7A4F7556}") = "Grand.Business.System", "src\Business\Grand.Business.System\Grand.Business.System.csproj", "{9B4BF192-F99A-4969-8472-A0C36B615DB3}"
EndProject
Project("{9A19103F-16F7-4668-BE54-9A1E7A4F7556}") = "Grand.Business.Authentication", "src\Business\Grand.Business.Authentication\Grand.Business.Authentication.csproj", "{6F9902AA-DBCE-4BB8-AEBE-47264A10D933}"
EndProject
Project("{9A19103F-16F7-4668-BE54-9A1E7A4F7556}") = "Grand.Business.Messages", "src\Business\Grand.Business.Messages\Grand.Business.Messages.csproj", "{D2E8AC42-2751-4AF9-87E4-54A8B2034360}"
EndProject
Project("{9A19103F-16F7-4668-BE54-9A1E7A4F7556}") = "Grand.Web.Common", "src\Web\Grand.Web.Common\Grand.Web.Common.csproj", "{1A6A0104-F610-4DD3-88BE-C4029034E5DA}"
EndProject
Project("{9A19103F-16F7-4668-BE54-9A1E7A4F7556}") = "Grand.Infrastructure", "src\Core\Grand.Infrastructure\Grand.Infrastructure.csproj", "{34A46D97-5996-46B3-BDCA-631EDAA0E210}"
EndProject
Project("{2150E333-8FDC-42A3-9474-1A3956D46DE8}") = "Plugins", "Plugins", "{F6F48227-B3C5-4A51-B33F-FF9AD96352DB}"
EndProject
Project("{9A19103F-16F7-4668-BE54-9A1E7A4F7556}") = "Authentication.Facebook", "src\Plugins\Authentication.Facebook\Authentication.Facebook.csproj", "{BA4579AF-9C20-477A-891B-926968B11C68}"
EndProject
Project("{9A19103F-16F7-4668-BE54-9A1E7A4F7556}") = "Authentication.Google", "src\Plugins\Authentication.Google\Authentication.Google.csproj", "{6F24BF9C-EA4E-42AB-A9A8-435CE69362B8}"
EndProject
Project("{9A19103F-16F7-4668-BE54-9A1E7A4F7556}") = "Payments.BrainTree", "src\Plugins\Payments.BrainTree\Payments.BrainTree.csproj", "{64775F93-5A04-495F-97C6-BDB3835B18F6}"
EndProject
Project("{9A19103F-16F7-4668-BE54-9A1E7A4F7556}") = "Shipping.FixedRateShipping", "src\Plugins\Shipping.FixedRateShipping\Shipping.FixedRateShipping.csproj", "{17CE6A72-A88D-4587-8FCD-3AB7E35F9524}"
EndProject
Project("{9A19103F-16F7-4668-BE54-9A1E7A4F7556}") = "Tax.FixedRate", "src\Plugins\Tax.FixedRate\Tax.FixedRate.csproj", "{1397574D-93C6-4A2A-94BA-F56367962CC2}"
EndProject
Project("{9A19103F-16F7-4668-BE54-9A1E7A4F7556}") = "Payments.CashOnDelivery", "src\Plugins\Payments.CashOnDelivery\Payments.CashOnDelivery.csproj", "{FBB52C66-16F3-4909-A507-BA1FF8D96FAA}"
EndProject
Project("{9A19103F-16F7-4668-BE54-9A1E7A4F7556}") = "Widgets.Slider", "src\Plugins\Widgets.Slider\Widgets.Slider.csproj", "{7FB9D801-F924-4AEE-94F6-B95997077FA3}"
EndProject
Project("{9A19103F-16F7-4668-BE54-9A1E7A4F7556}") = "Tax.CountryStateZip", "src\Plugins\Tax.CountryStateZip\Tax.CountryStateZip.csproj", "{6B0F6DFC-89FD-47AD-B793-C595ED134AD9}"
EndProject
Project("{9A19103F-16F7-4668-BE54-9A1E7A4F7556}") = "ExchangeRate.McExchange", "src\Plugins\ExchangeRate.McExchange\ExchangeRate.McExchange.csproj", "{67844BF0-10DC-4C0A-B913-FCEF3F7FDC8C}"
EndProject
Project("{9A19103F-16F7-4668-BE54-9A1E7A4F7556}") = "Payments.PayPalStandard", "src\Plugins\Payments.PayPalStandard\Payments.PayPalStandard.csproj", "{74F49DFE-6682-4390-8314-AF5E3E50D5E4}"
EndProject
Project("{9A19103F-16F7-4668-BE54-9A1E7A4F7556}") = "Shipping.ShippingPoint", "src\Plugins\Shipping.ShippingPoint\Shipping.ShippingPoint.csproj", "{B98D0EE8-F3E3-4B9F-AB50-BD33CA8EE5C5}"
EndProject
Project("{9A19103F-16F7-4668-BE54-9A1E7A4F7556}") = "Widgets.FacebookPixel", "src\Plugins\Widgets.FacebookPixel\Widgets.FacebookPixel.csproj", "{DD3F159F-B858-49AD-8DEF-CB7A3FA47B94}"
EndProject
Project("{9A19103F-16F7-4668-BE54-9A1E7A4F7556}") = "Widgets.GoogleAnalytics", "src\Plugins\Widgets.GoogleAnalytics\Widgets.GoogleAnalytics.csproj", "{9757F07A-8B94-4C0C-9BC3-16C34DB8E12A}"
EndProject
Project("{9A19103F-16F7-4668-BE54-9A1E7A4F7556}") = "DiscountRules.Standard", "src\Plugins\DiscountRules.Standard\DiscountRules.Standard.csproj", "{698F61F2-AA56-454A-89BE-E0FACDCA6F29}"
EndProject
Project("{9A19103F-16F7-4668-BE54-9A1E7A4F7556}") = "Shipping.ByWeight", "src\Plugins\Shipping.ByWeight\Shipping.ByWeight.csproj", "{735E808D-4B7A-4D4C-946C-4980983F8069}"
EndProject
Project("{9A19103F-16F7-4668-BE54-9A1E7A4F7556}") = "Grand.Web.Admin", "src\Web\Grand.Web.Admin\Grand.Web.Admin.csproj", "{56643517-D513-4A7E-A245-018DC9E2B451}"
EndProject
Project("{9A19103F-16F7-4668-BE54-9A1E7A4F7556}") = "Grand.Business.Authentication.Tests", "src\Tests\Grand.Business.Authentication.Tests\Grand.Business.Authentication.Tests.csproj", "{E78BA3F9-119E-4F7E-893F-3972B22F5096}"
EndProject
Project("{9A19103F-16F7-4668-BE54-9A1E7A4F7556}") = "Grand.Business.Catalog.Tests", "src\Tests\Grand.Business.Catalog.Tests\Grand.Business.Catalog.Tests.csproj", "{CC40A0A2-BD47-49B9-A1E1-6E1819117EB1}"
EndProject
Project("{2150E333-8FDC-42A3-9474-1A3956D46DE8}") = "API", "API", "{FFCB0026-FA9B-434F-BB7A-57997C968070}"
EndProject
Project("{9A19103F-16F7-4668-BE54-9A1E7A4F7556}") = "Grand.Api", "src\API\Grand.Api\Grand.Api.csproj", "{EAB65B15-BD78-4ABA-B759-BA5D94223499}"
EndProject
Project("{9A19103F-16F7-4668-BE54-9A1E7A4F7556}") = "Grand.Business.Cms.Tests", "src\Tests\Grand.Business.Cms.Tests\Grand.Business.Cms.Tests.csproj", "{B023CB66-17B2-4B82-B9C1-09E6716131C4}"
EndProject
Project("{9A19103F-16F7-4668-BE54-9A1E7A4F7556}") = "Grand.Business.Customers.Tests", "src\Tests\Grand.Business.Customers.Tests\Grand.Business.Customers.Tests.csproj", "{9D142307-0C53-490B-AFAB-C634FDF57A64}"
EndProject
Project("{9A19103F-16F7-4668-BE54-9A1E7A4F7556}") = "Grand.Business.Marketing.Tests", "src\Tests\Grand.Business.Marketing.Tests\Grand.Business.Marketing.Tests.csproj", "{DA207F2A-1F21-4B78-8441-236B1A9EA728}"
EndProject
Project("{9A19103F-16F7-4668-BE54-9A1E7A4F7556}") = "Grand.Business.Common.Tests", "src\Tests\Grand.Business.Common.Tests\Grand.Business.Common.Tests.csproj", "{95B5BD92-639D-4B38-AA17-D4D1FADB20F8}"
EndProject
Project("{9A19103F-16F7-4668-BE54-9A1E7A4F7556}") = "Grand.Business.Messages.Tests", "src\Tests\Grand.Business.Messages.Tests\Grand.Business.Messages.Tests.csproj", "{69FA02D5-8A8D-447D-9CE5-A63591093F01}"
EndProject
Project("{9A19103F-16F7-4668-BE54-9A1E7A4F7556}") = "Grand.Business.Storage.Tests", "src\Tests\Grand.Business.Storage.Tests\Grand.Business.Storage.Tests.csproj", "{E0CDC8F3-2F79-40ED-AD7C-EF3F7B056BEA}"
EndProject
Project("{9A19103F-16F7-4668-BE54-9A1E7A4F7556}") = "Grand.Business.System.Tests", "src\Tests\Grand.Business.System.Tests\Grand.Business.System.Tests.csproj", "{3CCCC424-B13F-479B-94A2-A0A6B05C0858}"
EndProject
Project("{9A19103F-16F7-4668-BE54-9A1E7A4F7556}") = "Grand.Business.Checkout.Tests", "src\Tests\Grand.Business.Checkout.Tests\Grand.Business.Checkout.Tests.csproj", "{B34CA673-578B-46D8-BEC0-2C32BF6997F9}"
EndProject
Project("{E53339B2-1760-4266-BCC7-CA923CBCF16C}") = "docker-compose", "docker-compose.dcproj", "{F591E2F4-69F7-40B2-A623-9BF62B1F3CD4}"
EndProject
Project("{2150E333-8FDC-42A3-9474-1A3956D46DE8}") = "Solution Items", "Solution Items", "{776DB681-3FC0-4EE0-A0F9-3F69874314D6}"
	ProjectSection(SolutionItems) = preProject
		.editorconfig = .editorconfig
	EndProjectSection
EndProject
Global
	GlobalSection(SolutionConfigurationPlatforms) = preSolution
		Debug|Any CPU = Debug|Any CPU
		Release|Any CPU = Release|Any CPU
	EndGlobalSection
	GlobalSection(ProjectConfigurationPlatforms) = postSolution
		{EF93C76C-24D8-4BBE-BA2E-9A078D9B7499}.Debug|Any CPU.ActiveCfg = Debug|Any CPU
		{EF93C76C-24D8-4BBE-BA2E-9A078D9B7499}.Debug|Any CPU.Build.0 = Debug|Any CPU
		{EF93C76C-24D8-4BBE-BA2E-9A078D9B7499}.Release|Any CPU.ActiveCfg = Release|Any CPU
		{EF93C76C-24D8-4BBE-BA2E-9A078D9B7499}.Release|Any CPU.Build.0 = Release|Any CPU
		{EA3E9159-AA18-47AB-A3FF-8631935AB250}.Debug|Any CPU.ActiveCfg = Debug|Any CPU
		{EA3E9159-AA18-47AB-A3FF-8631935AB250}.Debug|Any CPU.Build.0 = Debug|Any CPU
		{EA3E9159-AA18-47AB-A3FF-8631935AB250}.Release|Any CPU.ActiveCfg = Release|Any CPU
		{EA3E9159-AA18-47AB-A3FF-8631935AB250}.Release|Any CPU.Build.0 = Release|Any CPU
		{19AED41D-C37E-4F25-9A86-4370BD8343C9}.Debug|Any CPU.ActiveCfg = Debug|Any CPU
		{19AED41D-C37E-4F25-9A86-4370BD8343C9}.Debug|Any CPU.Build.0 = Debug|Any CPU
		{19AED41D-C37E-4F25-9A86-4370BD8343C9}.Release|Any CPU.ActiveCfg = Release|Any CPU
		{19AED41D-C37E-4F25-9A86-4370BD8343C9}.Release|Any CPU.Build.0 = Release|Any CPU
		{7A3C9529-7B06-4F7D-B2A0-2D2A09FE02B9}.Debug|Any CPU.ActiveCfg = Debug|Any CPU
		{7A3C9529-7B06-4F7D-B2A0-2D2A09FE02B9}.Debug|Any CPU.Build.0 = Debug|Any CPU
		{7A3C9529-7B06-4F7D-B2A0-2D2A09FE02B9}.Release|Any CPU.ActiveCfg = Release|Any CPU
		{7A3C9529-7B06-4F7D-B2A0-2D2A09FE02B9}.Release|Any CPU.Build.0 = Release|Any CPU
		{426A432B-EEFE-46A0-9DE2-4CD508A29160}.Debug|Any CPU.ActiveCfg = Debug|Any CPU
		{426A432B-EEFE-46A0-9DE2-4CD508A29160}.Debug|Any CPU.Build.0 = Debug|Any CPU
		{426A432B-EEFE-46A0-9DE2-4CD508A29160}.Release|Any CPU.ActiveCfg = Release|Any CPU
		{426A432B-EEFE-46A0-9DE2-4CD508A29160}.Release|Any CPU.Build.0 = Release|Any CPU
		{0832FC0C-22FC-4660-9E8A-7E259CBC246D}.Debug|Any CPU.ActiveCfg = Debug|Any CPU
		{0832FC0C-22FC-4660-9E8A-7E259CBC246D}.Debug|Any CPU.Build.0 = Debug|Any CPU
		{0832FC0C-22FC-4660-9E8A-7E259CBC246D}.Release|Any CPU.ActiveCfg = Release|Any CPU
		{0832FC0C-22FC-4660-9E8A-7E259CBC246D}.Release|Any CPU.Build.0 = Release|Any CPU
		{04C6B111-F45F-434D-8A7D-D6DD51029966}.Debug|Any CPU.ActiveCfg = Debug|Any CPU
		{04C6B111-F45F-434D-8A7D-D6DD51029966}.Debug|Any CPU.Build.0 = Debug|Any CPU
		{04C6B111-F45F-434D-8A7D-D6DD51029966}.Release|Any CPU.ActiveCfg = Release|Any CPU
		{04C6B111-F45F-434D-8A7D-D6DD51029966}.Release|Any CPU.Build.0 = Release|Any CPU
		{35427306-7271-456A-A337-F7D7E79FB027}.Debug|Any CPU.ActiveCfg = Debug|Any CPU
		{35427306-7271-456A-A337-F7D7E79FB027}.Debug|Any CPU.Build.0 = Debug|Any CPU
		{35427306-7271-456A-A337-F7D7E79FB027}.Release|Any CPU.ActiveCfg = Release|Any CPU
		{35427306-7271-456A-A337-F7D7E79FB027}.Release|Any CPU.Build.0 = Release|Any CPU
		{B93A72CF-18A9-40E1-8902-63EEA6094905}.Debug|Any CPU.ActiveCfg = Debug|Any CPU
		{B93A72CF-18A9-40E1-8902-63EEA6094905}.Debug|Any CPU.Build.0 = Debug|Any CPU
		{B93A72CF-18A9-40E1-8902-63EEA6094905}.Release|Any CPU.ActiveCfg = Release|Any CPU
		{B93A72CF-18A9-40E1-8902-63EEA6094905}.Release|Any CPU.Build.0 = Release|Any CPU
		{6925EF20-C289-482E-855E-DAFCE62BE16A}.Debug|Any CPU.ActiveCfg = Debug|Any CPU
		{6925EF20-C289-482E-855E-DAFCE62BE16A}.Debug|Any CPU.Build.0 = Debug|Any CPU
		{6925EF20-C289-482E-855E-DAFCE62BE16A}.Release|Any CPU.ActiveCfg = Release|Any CPU
		{6925EF20-C289-482E-855E-DAFCE62BE16A}.Release|Any CPU.Build.0 = Release|Any CPU
		{9B4BF192-F99A-4969-8472-A0C36B615DB3}.Debug|Any CPU.ActiveCfg = Debug|Any CPU
		{9B4BF192-F99A-4969-8472-A0C36B615DB3}.Debug|Any CPU.Build.0 = Debug|Any CPU
		{9B4BF192-F99A-4969-8472-A0C36B615DB3}.Release|Any CPU.ActiveCfg = Release|Any CPU
		{9B4BF192-F99A-4969-8472-A0C36B615DB3}.Release|Any CPU.Build.0 = Release|Any CPU
		{6F9902AA-DBCE-4BB8-AEBE-47264A10D933}.Debug|Any CPU.ActiveCfg = Debug|Any CPU
		{6F9902AA-DBCE-4BB8-AEBE-47264A10D933}.Debug|Any CPU.Build.0 = Debug|Any CPU
		{6F9902AA-DBCE-4BB8-AEBE-47264A10D933}.Release|Any CPU.ActiveCfg = Release|Any CPU
		{6F9902AA-DBCE-4BB8-AEBE-47264A10D933}.Release|Any CPU.Build.0 = Release|Any CPU
		{D2E8AC42-2751-4AF9-87E4-54A8B2034360}.Debug|Any CPU.ActiveCfg = Debug|Any CPU
		{D2E8AC42-2751-4AF9-87E4-54A8B2034360}.Debug|Any CPU.Build.0 = Debug|Any CPU
		{D2E8AC42-2751-4AF9-87E4-54A8B2034360}.Release|Any CPU.ActiveCfg = Release|Any CPU
		{D2E8AC42-2751-4AF9-87E4-54A8B2034360}.Release|Any CPU.Build.0 = Release|Any CPU
		{1A6A0104-F610-4DD3-88BE-C4029034E5DA}.Debug|Any CPU.ActiveCfg = Debug|Any CPU
		{1A6A0104-F610-4DD3-88BE-C4029034E5DA}.Debug|Any CPU.Build.0 = Debug|Any CPU
		{1A6A0104-F610-4DD3-88BE-C4029034E5DA}.Release|Any CPU.ActiveCfg = Release|Any CPU
		{1A6A0104-F610-4DD3-88BE-C4029034E5DA}.Release|Any CPU.Build.0 = Release|Any CPU
		{34A46D97-5996-46B3-BDCA-631EDAA0E210}.Debug|Any CPU.ActiveCfg = Debug|Any CPU
		{34A46D97-5996-46B3-BDCA-631EDAA0E210}.Debug|Any CPU.Build.0 = Debug|Any CPU
		{34A46D97-5996-46B3-BDCA-631EDAA0E210}.Release|Any CPU.ActiveCfg = Release|Any CPU
		{34A46D97-5996-46B3-BDCA-631EDAA0E210}.Release|Any CPU.Build.0 = Release|Any CPU
		{BA4579AF-9C20-477A-891B-926968B11C68}.Debug|Any CPU.ActiveCfg = Debug|Any CPU
		{BA4579AF-9C20-477A-891B-926968B11C68}.Debug|Any CPU.Build.0 = Debug|Any CPU
		{BA4579AF-9C20-477A-891B-926968B11C68}.Release|Any CPU.ActiveCfg = Release|Any CPU
		{BA4579AF-9C20-477A-891B-926968B11C68}.Release|Any CPU.Build.0 = Release|Any CPU
		{6F24BF9C-EA4E-42AB-A9A8-435CE69362B8}.Debug|Any CPU.ActiveCfg = Debug|Any CPU
		{6F24BF9C-EA4E-42AB-A9A8-435CE69362B8}.Debug|Any CPU.Build.0 = Debug|Any CPU
		{6F24BF9C-EA4E-42AB-A9A8-435CE69362B8}.Release|Any CPU.ActiveCfg = Release|Any CPU
		{6F24BF9C-EA4E-42AB-A9A8-435CE69362B8}.Release|Any CPU.Build.0 = Release|Any CPU
		{64775F93-5A04-495F-97C6-BDB3835B18F6}.Debug|Any CPU.ActiveCfg = Debug|Any CPU
		{64775F93-5A04-495F-97C6-BDB3835B18F6}.Debug|Any CPU.Build.0 = Debug|Any CPU
		{64775F93-5A04-495F-97C6-BDB3835B18F6}.Release|Any CPU.ActiveCfg = Release|Any CPU
		{64775F93-5A04-495F-97C6-BDB3835B18F6}.Release|Any CPU.Build.0 = Release|Any CPU
		{17CE6A72-A88D-4587-8FCD-3AB7E35F9524}.Debug|Any CPU.ActiveCfg = Debug|Any CPU
		{17CE6A72-A88D-4587-8FCD-3AB7E35F9524}.Debug|Any CPU.Build.0 = Debug|Any CPU
		{17CE6A72-A88D-4587-8FCD-3AB7E35F9524}.Release|Any CPU.ActiveCfg = Release|Any CPU
		{17CE6A72-A88D-4587-8FCD-3AB7E35F9524}.Release|Any CPU.Build.0 = Release|Any CPU
		{1397574D-93C6-4A2A-94BA-F56367962CC2}.Debug|Any CPU.ActiveCfg = Debug|Any CPU
		{1397574D-93C6-4A2A-94BA-F56367962CC2}.Debug|Any CPU.Build.0 = Debug|Any CPU
		{1397574D-93C6-4A2A-94BA-F56367962CC2}.Release|Any CPU.ActiveCfg = Release|Any CPU
		{1397574D-93C6-4A2A-94BA-F56367962CC2}.Release|Any CPU.Build.0 = Release|Any CPU
		{FBB52C66-16F3-4909-A507-BA1FF8D96FAA}.Debug|Any CPU.ActiveCfg = Debug|Any CPU
		{FBB52C66-16F3-4909-A507-BA1FF8D96FAA}.Debug|Any CPU.Build.0 = Debug|Any CPU
		{FBB52C66-16F3-4909-A507-BA1FF8D96FAA}.Release|Any CPU.ActiveCfg = Release|Any CPU
		{FBB52C66-16F3-4909-A507-BA1FF8D96FAA}.Release|Any CPU.Build.0 = Release|Any CPU
		{7FB9D801-F924-4AEE-94F6-B95997077FA3}.Debug|Any CPU.ActiveCfg = Debug|Any CPU
		{7FB9D801-F924-4AEE-94F6-B95997077FA3}.Debug|Any CPU.Build.0 = Debug|Any CPU
		{7FB9D801-F924-4AEE-94F6-B95997077FA3}.Release|Any CPU.ActiveCfg = Release|Any CPU
		{7FB9D801-F924-4AEE-94F6-B95997077FA3}.Release|Any CPU.Build.0 = Release|Any CPU
		{6B0F6DFC-89FD-47AD-B793-C595ED134AD9}.Debug|Any CPU.ActiveCfg = Debug|Any CPU
		{6B0F6DFC-89FD-47AD-B793-C595ED134AD9}.Debug|Any CPU.Build.0 = Debug|Any CPU
		{6B0F6DFC-89FD-47AD-B793-C595ED134AD9}.Release|Any CPU.ActiveCfg = Release|Any CPU
		{6B0F6DFC-89FD-47AD-B793-C595ED134AD9}.Release|Any CPU.Build.0 = Release|Any CPU
		{67844BF0-10DC-4C0A-B913-FCEF3F7FDC8C}.Debug|Any CPU.ActiveCfg = Debug|Any CPU
		{67844BF0-10DC-4C0A-B913-FCEF3F7FDC8C}.Debug|Any CPU.Build.0 = Debug|Any CPU
		{67844BF0-10DC-4C0A-B913-FCEF3F7FDC8C}.Release|Any CPU.ActiveCfg = Release|Any CPU
		{67844BF0-10DC-4C0A-B913-FCEF3F7FDC8C}.Release|Any CPU.Build.0 = Release|Any CPU
		{74F49DFE-6682-4390-8314-AF5E3E50D5E4}.Debug|Any CPU.ActiveCfg = Debug|Any CPU
		{74F49DFE-6682-4390-8314-AF5E3E50D5E4}.Debug|Any CPU.Build.0 = Debug|Any CPU
		{74F49DFE-6682-4390-8314-AF5E3E50D5E4}.Release|Any CPU.ActiveCfg = Release|Any CPU
		{74F49DFE-6682-4390-8314-AF5E3E50D5E4}.Release|Any CPU.Build.0 = Release|Any CPU
		{B98D0EE8-F3E3-4B9F-AB50-BD33CA8EE5C5}.Debug|Any CPU.ActiveCfg = Debug|Any CPU
		{B98D0EE8-F3E3-4B9F-AB50-BD33CA8EE5C5}.Debug|Any CPU.Build.0 = Debug|Any CPU
		{B98D0EE8-F3E3-4B9F-AB50-BD33CA8EE5C5}.Release|Any CPU.ActiveCfg = Release|Any CPU
		{B98D0EE8-F3E3-4B9F-AB50-BD33CA8EE5C5}.Release|Any CPU.Build.0 = Release|Any CPU
		{DD3F159F-B858-49AD-8DEF-CB7A3FA47B94}.Debug|Any CPU.ActiveCfg = Debug|Any CPU
		{DD3F159F-B858-49AD-8DEF-CB7A3FA47B94}.Debug|Any CPU.Build.0 = Debug|Any CPU
		{DD3F159F-B858-49AD-8DEF-CB7A3FA47B94}.Release|Any CPU.ActiveCfg = Release|Any CPU
		{DD3F159F-B858-49AD-8DEF-CB7A3FA47B94}.Release|Any CPU.Build.0 = Release|Any CPU
		{9757F07A-8B94-4C0C-9BC3-16C34DB8E12A}.Debug|Any CPU.ActiveCfg = Debug|Any CPU
		{9757F07A-8B94-4C0C-9BC3-16C34DB8E12A}.Debug|Any CPU.Build.0 = Debug|Any CPU
		{9757F07A-8B94-4C0C-9BC3-16C34DB8E12A}.Release|Any CPU.ActiveCfg = Release|Any CPU
		{9757F07A-8B94-4C0C-9BC3-16C34DB8E12A}.Release|Any CPU.Build.0 = Release|Any CPU
		{698F61F2-AA56-454A-89BE-E0FACDCA6F29}.Debug|Any CPU.ActiveCfg = Debug|Any CPU
		{698F61F2-AA56-454A-89BE-E0FACDCA6F29}.Debug|Any CPU.Build.0 = Debug|Any CPU
		{698F61F2-AA56-454A-89BE-E0FACDCA6F29}.Release|Any CPU.ActiveCfg = Release|Any CPU
		{698F61F2-AA56-454A-89BE-E0FACDCA6F29}.Release|Any CPU.Build.0 = Release|Any CPU
		{735E808D-4B7A-4D4C-946C-4980983F8069}.Debug|Any CPU.ActiveCfg = Debug|Any CPU
		{735E808D-4B7A-4D4C-946C-4980983F8069}.Debug|Any CPU.Build.0 = Debug|Any CPU
		{735E808D-4B7A-4D4C-946C-4980983F8069}.Release|Any CPU.ActiveCfg = Release|Any CPU
		{735E808D-4B7A-4D4C-946C-4980983F8069}.Release|Any CPU.Build.0 = Release|Any CPU
		{56643517-D513-4A7E-A245-018DC9E2B451}.Debug|Any CPU.ActiveCfg = Debug|Any CPU
		{56643517-D513-4A7E-A245-018DC9E2B451}.Debug|Any CPU.Build.0 = Debug|Any CPU
		{56643517-D513-4A7E-A245-018DC9E2B451}.Release|Any CPU.ActiveCfg = Release|Any CPU
		{56643517-D513-4A7E-A245-018DC9E2B451}.Release|Any CPU.Build.0 = Release|Any CPU
		{E78BA3F9-119E-4F7E-893F-3972B22F5096}.Debug|Any CPU.ActiveCfg = Debug|Any CPU
		{E78BA3F9-119E-4F7E-893F-3972B22F5096}.Debug|Any CPU.Build.0 = Debug|Any CPU
		{E78BA3F9-119E-4F7E-893F-3972B22F5096}.Release|Any CPU.ActiveCfg = Release|Any CPU
		{E78BA3F9-119E-4F7E-893F-3972B22F5096}.Release|Any CPU.Build.0 = Release|Any CPU
		{CC40A0A2-BD47-49B9-A1E1-6E1819117EB1}.Debug|Any CPU.ActiveCfg = Debug|Any CPU
		{CC40A0A2-BD47-49B9-A1E1-6E1819117EB1}.Debug|Any CPU.Build.0 = Debug|Any CPU
		{CC40A0A2-BD47-49B9-A1E1-6E1819117EB1}.Release|Any CPU.ActiveCfg = Release|Any CPU
		{CC40A0A2-BD47-49B9-A1E1-6E1819117EB1}.Release|Any CPU.Build.0 = Release|Any CPU
		{EAB65B15-BD78-4ABA-B759-BA5D94223499}.Debug|Any CPU.ActiveCfg = Debug|Any CPU
		{EAB65B15-BD78-4ABA-B759-BA5D94223499}.Debug|Any CPU.Build.0 = Debug|Any CPU
		{EAB65B15-BD78-4ABA-B759-BA5D94223499}.Release|Any CPU.ActiveCfg = Release|Any CPU
		{EAB65B15-BD78-4ABA-B759-BA5D94223499}.Release|Any CPU.Build.0 = Release|Any CPU
		{B023CB66-17B2-4B82-B9C1-09E6716131C4}.Debug|Any CPU.ActiveCfg = Debug|Any CPU
		{B023CB66-17B2-4B82-B9C1-09E6716131C4}.Debug|Any CPU.Build.0 = Debug|Any CPU
		{B023CB66-17B2-4B82-B9C1-09E6716131C4}.Release|Any CPU.ActiveCfg = Release|Any CPU
		{B023CB66-17B2-4B82-B9C1-09E6716131C4}.Release|Any CPU.Build.0 = Release|Any CPU
		{9D142307-0C53-490B-AFAB-C634FDF57A64}.Debug|Any CPU.ActiveCfg = Debug|Any CPU
		{9D142307-0C53-490B-AFAB-C634FDF57A64}.Debug|Any CPU.Build.0 = Debug|Any CPU
		{9D142307-0C53-490B-AFAB-C634FDF57A64}.Release|Any CPU.ActiveCfg = Release|Any CPU
		{9D142307-0C53-490B-AFAB-C634FDF57A64}.Release|Any CPU.Build.0 = Release|Any CPU
		{DA207F2A-1F21-4B78-8441-236B1A9EA728}.Debug|Any CPU.ActiveCfg = Debug|Any CPU
		{DA207F2A-1F21-4B78-8441-236B1A9EA728}.Debug|Any CPU.Build.0 = Debug|Any CPU
		{DA207F2A-1F21-4B78-8441-236B1A9EA728}.Release|Any CPU.ActiveCfg = Release|Any CPU
		{DA207F2A-1F21-4B78-8441-236B1A9EA728}.Release|Any CPU.Build.0 = Release|Any CPU
		{95B5BD92-639D-4B38-AA17-D4D1FADB20F8}.Debug|Any CPU.ActiveCfg = Debug|Any CPU
		{95B5BD92-639D-4B38-AA17-D4D1FADB20F8}.Debug|Any CPU.Build.0 = Debug|Any CPU
		{95B5BD92-639D-4B38-AA17-D4D1FADB20F8}.Release|Any CPU.ActiveCfg = Release|Any CPU
		{95B5BD92-639D-4B38-AA17-D4D1FADB20F8}.Release|Any CPU.Build.0 = Release|Any CPU
		{69FA02D5-8A8D-447D-9CE5-A63591093F01}.Debug|Any CPU.ActiveCfg = Debug|Any CPU
		{69FA02D5-8A8D-447D-9CE5-A63591093F01}.Debug|Any CPU.Build.0 = Debug|Any CPU
		{69FA02D5-8A8D-447D-9CE5-A63591093F01}.Release|Any CPU.ActiveCfg = Release|Any CPU
		{69FA02D5-8A8D-447D-9CE5-A63591093F01}.Release|Any CPU.Build.0 = Release|Any CPU
		{E0CDC8F3-2F79-40ED-AD7C-EF3F7B056BEA}.Debug|Any CPU.ActiveCfg = Debug|Any CPU
		{E0CDC8F3-2F79-40ED-AD7C-EF3F7B056BEA}.Debug|Any CPU.Build.0 = Debug|Any CPU
		{E0CDC8F3-2F79-40ED-AD7C-EF3F7B056BEA}.Release|Any CPU.ActiveCfg = Release|Any CPU
		{E0CDC8F3-2F79-40ED-AD7C-EF3F7B056BEA}.Release|Any CPU.Build.0 = Release|Any CPU
		{3CCCC424-B13F-479B-94A2-A0A6B05C0858}.Debug|Any CPU.ActiveCfg = Debug|Any CPU
		{3CCCC424-B13F-479B-94A2-A0A6B05C0858}.Debug|Any CPU.Build.0 = Debug|Any CPU
		{3CCCC424-B13F-479B-94A2-A0A6B05C0858}.Release|Any CPU.ActiveCfg = Release|Any CPU
		{3CCCC424-B13F-479B-94A2-A0A6B05C0858}.Release|Any CPU.Build.0 = Release|Any CPU
		{B34CA673-578B-46D8-BEC0-2C32BF6997F9}.Debug|Any CPU.ActiveCfg = Debug|Any CPU
		{B34CA673-578B-46D8-BEC0-2C32BF6997F9}.Debug|Any CPU.Build.0 = Debug|Any CPU
		{B34CA673-578B-46D8-BEC0-2C32BF6997F9}.Release|Any CPU.ActiveCfg = Release|Any CPU
		{B34CA673-578B-46D8-BEC0-2C32BF6997F9}.Release|Any CPU.Build.0 = Release|Any CPU
		{F591E2F4-69F7-40B2-A623-9BF62B1F3CD4}.Debug|Any CPU.ActiveCfg = Debug|Any CPU
		{F591E2F4-69F7-40B2-A623-9BF62B1F3CD4}.Release|Any CPU.ActiveCfg = Release|Any CPU
		{F591E2F4-69F7-40B2-A623-9BF62B1F3CD4}.Release|Any CPU.Build.0 = Release|Any CPU
	EndGlobalSection
	GlobalSection(SolutionProperties) = preSolution
		HideSolutionNode = FALSE
	EndGlobalSection
	GlobalSection(NestedProjects) = preSolution
		{EF93C76C-24D8-4BBE-BA2E-9A078D9B7499} = {38ECA068-176F-463C-A1D7-044341D4CACB}
		{EA3E9159-AA18-47AB-A3FF-8631935AB250} = {FA350BD6-C29D-40D9-BA47-FE5FBDFC84A0}
		{19AED41D-C37E-4F25-9A86-4370BD8343C9} = {FA350BD6-C29D-40D9-BA47-FE5FBDFC84A0}
		{7A3C9529-7B06-4F7D-B2A0-2D2A09FE02B9} = {6EAC4D2C-4A86-4C9F-8427-CB374F69F08C}
		{426A432B-EEFE-46A0-9DE2-4CD508A29160} = {6EAC4D2C-4A86-4C9F-8427-CB374F69F08C}
		{0832FC0C-22FC-4660-9E8A-7E259CBC246D} = {6EAC4D2C-4A86-4C9F-8427-CB374F69F08C}
		{04C6B111-F45F-434D-8A7D-D6DD51029966} = {6EAC4D2C-4A86-4C9F-8427-CB374F69F08C}
		{35427306-7271-456A-A337-F7D7E79FB027} = {6EAC4D2C-4A86-4C9F-8427-CB374F69F08C}
		{B93A72CF-18A9-40E1-8902-63EEA6094905} = {6EAC4D2C-4A86-4C9F-8427-CB374F69F08C}
		{6925EF20-C289-482E-855E-DAFCE62BE16A} = {6EAC4D2C-4A86-4C9F-8427-CB374F69F08C}
		{9B4BF192-F99A-4969-8472-A0C36B615DB3} = {6EAC4D2C-4A86-4C9F-8427-CB374F69F08C}
		{6F9902AA-DBCE-4BB8-AEBE-47264A10D933} = {6EAC4D2C-4A86-4C9F-8427-CB374F69F08C}
		{D2E8AC42-2751-4AF9-87E4-54A8B2034360} = {6EAC4D2C-4A86-4C9F-8427-CB374F69F08C}
		{1A6A0104-F610-4DD3-88BE-C4029034E5DA} = {38ECA068-176F-463C-A1D7-044341D4CACB}
		{34A46D97-5996-46B3-BDCA-631EDAA0E210} = {FA350BD6-C29D-40D9-BA47-FE5FBDFC84A0}
		{BA4579AF-9C20-477A-891B-926968B11C68} = {F6F48227-B3C5-4A51-B33F-FF9AD96352DB}
		{6F24BF9C-EA4E-42AB-A9A8-435CE69362B8} = {F6F48227-B3C5-4A51-B33F-FF9AD96352DB}
		{64775F93-5A04-495F-97C6-BDB3835B18F6} = {F6F48227-B3C5-4A51-B33F-FF9AD96352DB}
		{17CE6A72-A88D-4587-8FCD-3AB7E35F9524} = {F6F48227-B3C5-4A51-B33F-FF9AD96352DB}
		{1397574D-93C6-4A2A-94BA-F56367962CC2} = {F6F48227-B3C5-4A51-B33F-FF9AD96352DB}
		{FBB52C66-16F3-4909-A507-BA1FF8D96FAA} = {F6F48227-B3C5-4A51-B33F-FF9AD96352DB}
		{7FB9D801-F924-4AEE-94F6-B95997077FA3} = {F6F48227-B3C5-4A51-B33F-FF9AD96352DB}
		{6B0F6DFC-89FD-47AD-B793-C595ED134AD9} = {F6F48227-B3C5-4A51-B33F-FF9AD96352DB}
		{67844BF0-10DC-4C0A-B913-FCEF3F7FDC8C} = {F6F48227-B3C5-4A51-B33F-FF9AD96352DB}
		{74F49DFE-6682-4390-8314-AF5E3E50D5E4} = {F6F48227-B3C5-4A51-B33F-FF9AD96352DB}
		{B98D0EE8-F3E3-4B9F-AB50-BD33CA8EE5C5} = {F6F48227-B3C5-4A51-B33F-FF9AD96352DB}
		{DD3F159F-B858-49AD-8DEF-CB7A3FA47B94} = {F6F48227-B3C5-4A51-B33F-FF9AD96352DB}
		{9757F07A-8B94-4C0C-9BC3-16C34DB8E12A} = {F6F48227-B3C5-4A51-B33F-FF9AD96352DB}
		{698F61F2-AA56-454A-89BE-E0FACDCA6F29} = {F6F48227-B3C5-4A51-B33F-FF9AD96352DB}
		{735E808D-4B7A-4D4C-946C-4980983F8069} = {F6F48227-B3C5-4A51-B33F-FF9AD96352DB}
		{56643517-D513-4A7E-A245-018DC9E2B451} = {38ECA068-176F-463C-A1D7-044341D4CACB}
		{E78BA3F9-119E-4F7E-893F-3972B22F5096} = {6360202A-F931-4BBD-ADBD-C9A628EE59F8}
		{CC40A0A2-BD47-49B9-A1E1-6E1819117EB1} = {6360202A-F931-4BBD-ADBD-C9A628EE59F8}
		{EAB65B15-BD78-4ABA-B759-BA5D94223499} = {FFCB0026-FA9B-434F-BB7A-57997C968070}
		{B023CB66-17B2-4B82-B9C1-09E6716131C4} = {6360202A-F931-4BBD-ADBD-C9A628EE59F8}
		{9D142307-0C53-490B-AFAB-C634FDF57A64} = {6360202A-F931-4BBD-ADBD-C9A628EE59F8}
		{DA207F2A-1F21-4B78-8441-236B1A9EA728} = {6360202A-F931-4BBD-ADBD-C9A628EE59F8}
		{95B5BD92-639D-4B38-AA17-D4D1FADB20F8} = {6360202A-F931-4BBD-ADBD-C9A628EE59F8}
		{69FA02D5-8A8D-447D-9CE5-A63591093F01} = {6360202A-F931-4BBD-ADBD-C9A628EE59F8}
		{E0CDC8F3-2F79-40ED-AD7C-EF3F7B056BEA} = {6360202A-F931-4BBD-ADBD-C9A628EE59F8}
		{3CCCC424-B13F-479B-94A2-A0A6B05C0858} = {6360202A-F931-4BBD-ADBD-C9A628EE59F8}
		{B34CA673-578B-46D8-BEC0-2C32BF6997F9} = {6360202A-F931-4BBD-ADBD-C9A628EE59F8}
	EndGlobalSection
	GlobalSection(ExtensibilityGlobals) = postSolution
		SolutionGuid = {88B478F4-FD3B-4C24-9E84-4FAAF0254397}
	EndGlobalSection
EndGlobal
