{
  "name": "vue-balylon",
  "lockfileVersion": 2,
  "requires": true,
  "packages": {
    "": {
      "dependencies": {
        "babylonjs-loaders": "^5.27.0"
      }
    },
    "node_modules/babylonjs": {
      "version": "5.27.0",
      "resolved": "https://registry.npmjs.org/babylonjs/-/babylonjs-5.27.0.tgz",
      "integrity": "sha512-ZaXEKjsISxjO+GzNS1sMxzruA3TaZi+YYuxfFs/p//vtj6Y5xhw/FYVVfcFIUlkrWZbg7PZhz+PkFBlXQaKMrg==",
      "hasInstallScript": true
    },
    "node_modules/babylonjs-gltf2interface": {
      "version": "5.27.0",
      "resolved": "https://registry.npmjs.org/babylonjs-gltf2interface/-/babylonjs-gltf2interface-5.27.0.tgz",
      "integrity": "sha512-9K1AFWVbIjvfWgZZ7cgWgzqSm+YHR2Z55zvj4pGYgA4dKZledNi4+ft4M9iRGjGYQviCIwf45acq2hHFdMOU3Q=="
    },
    "node_modules/babylonjs-loaders": {
      "version": "5.27.0",
      "resolved": "https://registry.npmjs.org/babylonjs-loaders/-/babylonjs-loaders-5.27.0.tgz",
      "integrity": "sha512-qWlPDWtrNXDSh63K2G+Xpx/gKr94uOvZHyZ4njVznHX76oDI6c9BSNE0f0NiTT1V9oyU04rOlo+g9mPo8T1SYw==",
      "dependencies": {
        "babylonjs": "^5.27.0",
        "babylonjs-gltf2interface": "^5.27.0"
      }
    }
  },
  "dependencies": {
    "babylonjs": {
      "version": "5.27.0",
      "resolved": "https://registry.npmjs.org/babylonjs/-/babylonjs-5.27.0.tgz",
      "integrity": "sha512-ZaXEKjsISxjO+GzNS1sMxzruA3TaZi+YYuxfFs/p//vtj6Y5xhw/FYVVfcFIUlkrWZbg7PZhz+PkFBlXQaKMrg=="
    },
    "babylonjs-gltf2interface": {
      "version": "5.27.0",
      "resolved": "https://registry.npmjs.org/babylonjs-gltf2interface/-/babylonjs-gltf2interface-5.27.0.tgz",
      "integrity": "sha512-9K1AFWVbIjvfWgZZ7cgWgzqSm+YHR2Z55zvj4pGYgA4dKZledNi4+ft4M9iRGjGYQviCIwf45acq2hHFdMOU3Q=="
    },
    "babylonjs-loaders": {
      "version": "5.27.0",
      "resolved": "https://registry.npmjs.org/babylonjs-loaders/-/babylonjs-loaders-5.27.0.tgz",
      "integrity": "sha512-qWlPDWtrNXDSh63K2G+Xpx/gKr94uOvZHyZ4njVznHX76oDI6c9BSNE0f0NiTT1V9oyU04rOlo+g9mPo8T1SYw==",
      "requires": {
        "babylonjs": "^5.27.0",
        "babylonjs-gltf2interface": "^5.27.0"
      }
    }
  }
}
